<?xml version="1.0" encoding="UTF-8" standalone="yes" ?>
<CodeBlocks_project_file>
	<FileVersion major="1" minor="6" />
	<Project>
		<Option title="Pokitto_sim" />
		<Option makefile="makefile" />
		<Option pch_mode="2" />
		<Option compiler="gcc" />
		<Build>
			<Target title="HelloWorld">
				<Option output="bin/Debug/Pokitto_sim" prefix_auto="1" extension_auto="1" />
				<Option working_dir="bin/Debug" />
				<Option object_output="obj/Debug/" />
				<Option type="1" />
				<Option compiler="gcc" />
				<Option use_console_runner="0" />
				<Compiler>
					<Add option="-g" />
					<Add directory="../../Examples/HelloWorld" />
				</Compiler>
			</Target>
			<Target title="MicroPython">
				<Option output="bin/Debug/Pokitto_sim" prefix_auto="1" extension_auto="1" />
				<Option working_dir="bin/Debug" />
				<Option object_output="obj/Debug/" />
				<Option type="1" />
				<Option compiler="gcc" />
				<Option use_console_runner="0" />
				<Compiler>
					<Add option="-g" />
					<Add option="-DPOK_SIM" />
					<Add directory="../POKITTO_LIBS/MicroPython" />
				</Compiler>
				<Linker>
					<Add library="../POKITTO_LIBS/MicroPython/libmicropython_win.a" />
				</Linker>
			</Target>
			<Target title="Bitmap">
				<Option output="bin/Debug/Pokitto_sim" prefix_auto="1" extension_auto="1" />
				<Option working_dir="bin/Debug" />
				<Option object_output="obj/Debug/" />
				<Option type="1" />
				<Option compiler="gcc" />
				<Option use_console_runner="0" />
				<Compiler>
					<Add option="-g" />
					<Add directory="../../Examples/Bitmap" />
				</Compiler>
			</Target>
		</Build>
		<Compiler>
			<Add option="-Wall" />
			<Add option="-std=gnu++11" />
			<Add option="-fsigned-char" />
			<Add option="-DPOK_SIM" />
			<Add directory="SDL2/include" />
			<Add directory="../../Pokitto" />
			<Add directory="../POKITTO_CORE" />
			<Add directory="../POKITTO_SIM" />
			<Add directory="../POKITTO_SIM/mbed_sim" />
			<Add directory="../POKITTO_XTERNALS" />
			<Add directory="../POKITTO_LIBS/FileIO" />
			<Add directory="../POKITTO_LIBS/Synth" />
			<Add directory="../POKITTO_APP" />
			<Add directory="../POKITTO_LIBS/Physics" />
			<Add directory="../POKITTO_CORE/FONTS" />
			<Add directory="tinydir" />
			<Add directory="../POKITTO_LIBS/ImageFormat" />
		</Compiler>
		<Linker>
			<Add option="-Wl,-Map=main.map" />
			<Add library="mingw32" />
			<Add library="SDLmain" />
			<Add library="SDL.dll" />
			<Add library="user32" />
			<Add library="gdi32" />
			<Add library="winmm" />
			<Add library="dxguid" />
			<Add directory="SDL2/lib" />
		</Linker>
		<Unit filename="../../Examples/Bitmap/My_settings.h">
			<Option target="Bitmap" />
		</Unit>
		<Unit filename="../../Examples/Bitmap/bitmap.cpp">
			<Option target="Bitmap" />
		</Unit>
		<Unit filename="../../Examples/Bitmap/pokitto_icon.h">
			<Option target="Bitmap" />
		</Unit>
		<Unit filename="../../Examples/HelloWorld/My_settings.h">
			<Option target="HelloWorld" />
		</Unit>
		<Unit filename="../../Examples/HelloWorld/main.cpp">
			<Option target="HelloWorld" />
		</Unit>
		<Unit filename="../POKITTO_APP/PokittoApp.h" />
		<Unit filename="../POKITTO_APP/PokittoAppObject.h" />
		<Unit filename="../POKITTO_APP/PokittoCollisionEvent.h" />
		<Unit filename="../POKITTO_APP/PokittoError.h" />
		<Unit filename="../POKITTO_APP/PokittoEvent.h" />
		<Unit filename="../POKITTO_APP/PokittoKeyEvent.h" />
		<Unit filename="../POKITTO_APP/PokittoListener.h" />
		<Unit filename="../POKITTO_APP/PokittoMessage.h" />
		<Unit filename="../POKITTO_APP/PokittoScene.h" />
		<Unit filename="../POKITTO_APP/PokittoSceneObject.h" />
		<Unit filename="../POKITTO_APP/PokittoState.h" />
		<Unit filename="../POKITTO_CORE/FONTS/adventurer12x16.cpp" />
		<Unit filename="../POKITTO_CORE/FONTS/donut7x10.cpp" />
		<Unit filename="../POKITTO_CORE/FONTS/dragon6x8.cpp" />
		<Unit filename="../POKITTO_CORE/FONTS/font3x3.cpp" />
		<Unit filename="../POKITTO_CORE/FONTS/font3x5.cpp" />
		<Unit filename="../POKITTO_CORE/FONTS/font5x7.cpp" />
		<Unit filename="../POKITTO_CORE/FONTS/fontC64.cpp" />
		<Unit filename="../POKITTO_CORE/FONTS/fontC64UIGfx.cpp" />
		<Unit filename="../POKITTO_CORE/FONTS/karateka8x11.cpp" />
		<Unit filename="../POKITTO_CORE/FONTS/koubit7x7.cpp" />
		<Unit filename="../POKITTO_CORE/FONTS/mini4x6.cpp" />
		<Unit filename="../POKITTO_CORE/FONTS/runes6x8.cpp" />
		<Unit filename="../POKITTO_CORE/FONTS/tight4x7.cpp" />
		<Unit filename="../POKITTO_CORE/FONTS/tiny5x7.cpp" />
		<Unit filename="../POKITTO_CORE/GBcompatibility.h" />
		<Unit filename="../POKITTO_CORE/PALETTES/palAction.cpp" />
		<Unit filename="../POKITTO_CORE/PALETTES/palCGA.cpp" />
		<Unit filename="../POKITTO_CORE/PALETTES/palDefault.cpp" />
		<Unit filename="../POKITTO_CORE/PALETTES/palGameboy.cpp" />
		<Unit filename="../POKITTO_CORE/PALETTES/palMagma.cpp" />
		<Unit filename="../POKITTO_CORE/PALETTES/palMono.cpp" />
		<Unit filename="../POKITTO_CORE/PALETTES/palPico.cpp" />
		<Unit filename="../POKITTO_CORE/PALETTES/palRainbow.cpp" />
		<Unit filename="../POKITTO_CORE/PokittoBacklight.cpp" />
		<Unit filename="../POKITTO_CORE/PokittoBacklight.h" />
		<Unit filename="../POKITTO_CORE/PokittoBattery.cpp" />
		<Unit filename="../POKITTO_CORE/PokittoBattery.h" />
		<Unit filename="../POKITTO_CORE/PokittoButtons.cpp" />
		<Unit filename="../POKITTO_CORE/PokittoButtons.h" />
		<Unit filename="../POKITTO_CORE/PokittoConsole.cpp" />
		<Unit filename="../POKITTO_CORE/PokittoConsole.h" />
		<Unit filename="../POKITTO_CORE/PokittoCore.cpp" />
		<Unit filename="../POKITTO_CORE/PokittoCore.h" />
		<Unit filename="../POKITTO_CORE/PokittoDisplay.cpp" />
		<Unit filename="../POKITTO_CORE/PokittoDisplay.h" />
		<Unit filename="../POKITTO_CORE/PokittoFakeavr.h" />
		<Unit filename="../POKITTO_CORE/PokittoFonts.h" />
		<Unit filename="../POKITTO_CORE/PokittoItoa.cpp" />
		<Unit filename="../POKITTO_CORE/PokittoItoa.h" />
		<Unit filename="../POKITTO_CORE/PokittoLogos.cpp" />
		<Unit filename="../POKITTO_CORE/PokittoLogos.h" />
		<Unit filename="../POKITTO_CORE/PokittoPalette.cpp" />
		<Unit filename="../POKITTO_CORE/PokittoSound.cpp" />
		<Unit filename="../POKITTO_CORE/PokittoSound.h" />
		<Unit filename="../POKITTO_CORE/PokittoTimer.h" />
		<Unit filename="../POKITTO_CORE/WString.cpp">
			<Option target="&lt;{~None~}&gt;" />
		</Unit>
		<Unit filename="../POKITTO_LIBS/FileIO/FileIO.h" />
		<Unit filename="../POKITTO_LIBS/FileIO/FileIO_SIM.cpp" />
		<Unit filename="../POKITTO_LIBS/FixMath/fix16.c">
			<Option compilerVar="CC" />
			<Option target="&lt;{~None~}&gt;" />
		</Unit>
		<Unit filename="../POKITTO_LIBS/FixMath/fix16.h">
			<Option target="&lt;{~None~}&gt;" />
		</Unit>
		<Unit filename="../POKITTO_LIBS/FixMath/fix16.hpp">
			<Option target="&lt;{~None~}&gt;" />
		</Unit>
		<Unit filename="../POKITTO_LIBS/FixMath/fix16_exp.c">
			<Option compilerVar="CC" />
			<Option target="&lt;{~None~}&gt;" />
		</Unit>
		<Unit filename="../POKITTO_LIBS/FixMath/fix16_sqrt.c">
			<Option compilerVar="CC" />
			<Option target="&lt;{~None~}&gt;" />
		</Unit>
		<Unit filename="../POKITTO_LIBS/FixMath/fix16_trig.c">
			<Option compilerVar="CC" />
			<Option target="&lt;{~None~}&gt;" />
		</Unit>
		<Unit filename="../POKITTO_LIBS/FixMath/fix16_trig_sin_lut.h">
			<Option target="&lt;{~None~}&gt;" />
		</Unit>
		<Unit filename="../POKITTO_LIBS/FixMath/fixmath.h">
			<Option target="&lt;{~None~}&gt;" />
		</Unit>
		<Unit filename="../POKITTO_LIBS/FixMath/fract32.c">
			<Option compilerVar="CC" />
			<Option target="&lt;{~None~}&gt;" />
		</Unit>
		<Unit filename="../POKITTO_LIBS/FixMath/fract32.h">
			<Option target="&lt;{~None~}&gt;" />
		</Unit>
		<Unit filename="../POKITTO_LIBS/FixMath/int64.h">
			<Option target="&lt;{~None~}&gt;" />
		</Unit>
		<Unit filename="../POKITTO_LIBS/FixMath/uint32.c">
			<Option compilerVar="CC" />
			<Option target="&lt;{~None~}&gt;" />
		</Unit>
		<Unit filename="../POKITTO_LIBS/FixMath/uint32.h">
			<Option target="&lt;{~None~}&gt;" />
		</Unit>
		<Unit filename="../POKITTO_LIBS/MicroPython/My_settings.h">
			<Option target="MicroPython" />
		</Unit>
		<Unit filename="../POKITTO_LIBS/MicroPython/PythonBindings.cpp">
			<Option target="MicroPython" />
		</Unit>
		<Unit filename="../POKITTO_LIBS/MicroPython/PythonBindings.h">
			<Option target="MicroPython" />
		</Unit>
		<Unit filename="../POKITTO_LIBS/MicroPython/main.cpp">
			<Option target="MicroPython" />
		</Unit>
		<Unit filename="../POKITTO_LIBS/MicroPython/src_py/example_data.py">
			<Option target="MicroPython" />
		</Unit>
		<Unit filename="../POKITTO_LIBS/MicroPython/src_py/example_main.py">
			<Option target="MicroPython" />
		</Unit>
		<Unit filename="../POKITTO_LIBS/MicroPython/src_py/sprite.py">
			<Option target="MicroPython" />
		</Unit>
		<Unit filename="../POKITTO_LIBS/Physics/Body.cpp">
			<Option target="&lt;{~None~}&gt;" />
		</Unit>
		<Unit filename="../POKITTO_LIBS/Physics/Body.h">
			<Option target="&lt;{~None~}&gt;" />
		</Unit>
		<Unit filename="../POKITTO_LIBS/Physics/Clock.cpp">
			<Option target="&lt;{~None~}&gt;" />
		</Unit>
		<Unit filename="../POKITTO_LIBS/Physics/Clock.h">
			<Option target="&lt;{~None~}&gt;" />
		</Unit>
		<Unit filename="../POKITTO_LIBS/Physics/Collision.cpp">
			<Option target="&lt;{~None~}&gt;" />
		</Unit>
		<Unit filename="../POKITTO_LIBS/Physics/Collision.h">
			<Option target="&lt;{~None~}&gt;" />
		</Unit>
		<Unit filename="../POKITTO_LIBS/Physics/IEMath.h">
			<Option target="&lt;{~None~}&gt;" />
		</Unit>
		<Unit filename="../POKITTO_LIBS/Physics/Manifold.cpp">
			<Option target="&lt;{~None~}&gt;" />
		</Unit>
		<Unit filename="../POKITTO_LIBS/Physics/Manifold.h">
			<Option target="&lt;{~None~}&gt;" />
		</Unit>
		<Unit filename="../POKITTO_LIBS/Physics/Physics.h">
			<Option target="&lt;{~None~}&gt;" />
		</Unit>
		<Unit filename="../POKITTO_LIBS/Physics/Scene.cpp">
			<Option target="&lt;{~None~}&gt;" />
		</Unit>
		<Unit filename="../POKITTO_LIBS/Physics/Scene.h">
			<Option target="&lt;{~None~}&gt;" />
		</Unit>
		<Unit filename="../POKITTO_LIBS/Physics/Shape.h">
			<Option target="&lt;{~None~}&gt;" />
		</Unit>
		<Unit filename="../POKITTO_LIBS/Synth/Synth.cpp" />
		<Unit filename="../POKITTO_LIBS/Synth/Synth.h" />
		<Unit filename="../POKITTO_LIBS/Synth/Synth_envfuncs.cpp" />
		<Unit filename="../POKITTO_LIBS/Synth/Synth_helpers.cpp" />
		<Unit filename="../POKITTO_LIBS/Synth/Synth_mixfuncs.cpp" />
		<Unit filename="../POKITTO_LIBS/Synth/Synth_osc.h" />
		<Unit filename="../POKITTO_LIBS/Synth/Synth_oscfuncs.cpp" />
		<Unit filename="../POKITTO_LIBS/Synth/Synth_song.h" />
		<Unit filename="../POKITTO_LIBS/Synth/Synth_songfuncs.cpp" />
		<Unit filename="../POKITTO_LIBS/Synth/Synth_wavefuncs.cpp" />
		<Unit filename="../Pokitto.h" />
		<Unit filename="../Pokitto_settings.h">
			<Option weight="0" />
		</Unit>
		<Unit filename="PokittoClock.cpp" />
		<Unit filename="PokittoSimButtons.cpp" />
		<Unit filename="PokittoSimCore.cpp" />
		<Unit filename="PokittoSimulator.cpp" />
		<Unit filename="PokittoSimulator.h" />
		<Unit filename="Pokitto_simport.cpp" />
		<Unit filename="Pokitto_simport.h" />
		<Unit filename="Pokitto_simsound.h" />
		<Unit filename="SimLCD.cpp" />
		<Unit filename="SimLCD.h" />
		<Unit filename="SimSound.cpp" />
		<Unit filename="SimSound.h" />
		<Unit filename="WriteWav.cpp" />
		<Unit filename="WriteWav.h" />
		<Unit filename="mbed_sim/AnalogIn.h" />
		<Unit filename="mbed_sim/AnalogOut.h" />
		<Unit filename="mbed_sim/DigitalOut.h" />
		<Unit filename="mbed_sim/InterruptIn.h" />
		<Unit filename="mbed_sim/LPC11U6x.h" />
		<Unit filename="mbed_sim/PeripheralNames.h" />
		<Unit filename="mbed_sim/PinNames.h" />
		<Unit filename="mbed_sim/PwmOut.h" />
		<Unit filename="mbed_sim/analogin_api.h" />
		<Unit filename="mbed_sim/analogout_api.h" />
		<Unit filename="mbed_sim/device.h" />
		<Unit filename="mbed_sim/gpio_api.h" />
		<Unit filename="mbed_sim/gpio_irq_api.h" />
		<Unit filename="mbed_sim/gpio_object.h" />
		<Unit filename="mbed_sim/mbed.h" />
		<Unit filename="mbed_sim/mbed_sim.cpp" />
		<Unit filename="mbed_sim/objects.h" />
		<Unit filename="mbed_sim/platform.h" />
		<Unit filename="mbed_sim/pwmout_api.h" />
		<Unit filename="pok_device.png" />
		<Unit filename="tinydir/tinydir.h" />
		<Extensions>
			<code_completion />
			<envvars />
			<debugger />
			<lib_finder disable_auto="1" />
		</Extensions>
	</Project>
</CodeBlocks_project_file>
